
Microsoft Visual Studio Solution File, Format Version 12.00
# Visual Studio 14
VisualStudioVersion = 14.0.25420.1
MinimumVisualStudioVersion = 10.0.40219.1
Project("{FAE04EC0-301F-11D3-BF4B-00C04F79EFBC}") = "MIndFull", "MIndFull\MIndFull\MIndFull.csproj", "{DCBA438C-526E-4CA6-A6DA-F9658F307237}"
EndProject
Project("{FAE04EC0-301F-11D3-BF4B-00C04F79EFBC}") = "MIndFull.Droid", "MIndFull\MIndFull.Droid\MIndFull.Droid.csproj", "{7B802FF8-B103-4F35-9799-4E355113215E}"
EndProject
Project("{FAE04EC0-301F-11D3-BF4B-00C04F79EFBC}") = "MIndFull.iOS", "MIndFull\MIndFull.iOS\MIndFull.iOS.csproj", "{434ED335-93F9-4892-BCDA-B1A0675BF5A4}"
EndProject
Project("{FAE04EC0-301F-11D3-BF4B-00C04F79EFBC}") = "MIndFull.WinPhone", "MIndFull\MIndFull.WinPhone\MIndFull.WinPhone.csproj", "{E92712AB-0819-4A56-8F60-97EE8B495658}"
EndProject
Project("{FAE04EC0-301F-11D3-BF4B-00C04F79EFBC}") = "MIndFull.UWP", "MIndFull\MIndFull.UWP\MIndFull.UWP.csproj", "{F34D414D-8601-40BD-A5AF-53BBA9ED4CAA}"
EndProject
Project("{FAE04EC0-301F-11D3-BF4B-00C04F79EFBC}") = "MIndFull.Windows", "MIndFull\MIndFull.Windows\MIndFull.Windows.csproj", "{A51538B4-543B-4171-9994-7B4E5D1A2E7D}"
EndProject
Global
	GlobalSection(SolutionConfigurationPlatforms) = preSolution
		Ad-Hoc|Any CPU = Ad-Hoc|Any CPU
		Ad-Hoc|ARM = Ad-Hoc|ARM
		Ad-Hoc|iPhone = Ad-Hoc|iPhone
		Ad-Hoc|iPhoneSimulator = Ad-Hoc|iPhoneSimulator
		Ad-Hoc|x64 = Ad-Hoc|x64
		Ad-Hoc|x86 = Ad-Hoc|x86
		AppStore|Any CPU = AppStore|Any CPU
		AppStore|ARM = AppStore|ARM
		AppStore|iPhone = AppStore|iPhone
		AppStore|iPhoneSimulator = AppStore|iPhoneSimulator
		AppStore|x64 = AppStore|x64
		AppStore|x86 = AppStore|x86
		Debug|Any CPU = Debug|Any CPU
		Debug|ARM = Debug|ARM
		Debug|iPhone = Debug|iPhone
		Debug|iPhoneSimulator = Debug|iPhoneSimulator
		Debug|x64 = Debug|x64
		Debug|x86 = Debug|x86
		Release|Any CPU = Release|Any CPU
		Release|ARM = Release|ARM
		Release|iPhone = Release|iPhone
		Release|iPhoneSimulator = Release|iPhoneSimulator
		Release|x64 = Release|x64
		Release|x86 = Release|x86
	EndGlobalSection
	GlobalSection(ProjectConfigurationPlatforms) = postSolution
		{DCBA438C-526E-4CA6-A6DA-F9658F307237}.Ad-Hoc|Any CPU.ActiveCfg = Release|Any CPU
		{DCBA438C-526E-4CA6-A6DA-F9658F307237}.Ad-Hoc|Any CPU.Build.0 = Release|Any CPU
		{DCBA438C-526E-4CA6-A6DA-F9658F307237}.Ad-Hoc|ARM.ActiveCfg = Release|Any CPU
		{DCBA438C-526E-4CA6-A6DA-F9658F307237}.Ad-Hoc|ARM.Build.0 = Release|Any CPU
		{DCBA438C-526E-4CA6-A6DA-F9658F307237}.Ad-Hoc|iPhone.ActiveCfg = Release|Any CPU
		{DCBA438C-526E-4CA6-A6DA-F9658F307237}.Ad-Hoc|iPhone.Build.0 = Release|Any CPU
		{DCBA438C-526E-4CA6-A6DA-F9658F307237}.Ad-Hoc|iPhoneSimulator.ActiveCfg = Release|Any CPU
		{DCBA438C-526E-4CA6-A6DA-F9658F307237}.Ad-Hoc|iPhoneSimulator.Build.0 = Release|Any CPU
		{DCBA438C-526E-4CA6-A6DA-F9658F307237}.Ad-Hoc|x64.ActiveCfg = Release|Any CPU
		{DCBA438C-526E-4CA6-A6DA-F9658F307237}.Ad-Hoc|x64.Build.0 = Release|Any CPU
		{DCBA438C-526E-4CA6-A6DA-F9658F307237}.Ad-Hoc|x86.ActiveCfg = Release|Any CPU
		{DCBA438C-526E-4CA6-A6DA-F9658F307237}.Ad-Hoc|x86.Build.0 = Release|Any CPU
		{DCBA438C-526E-4CA6-A6DA-F9658F307237}.AppStore|Any CPU.ActiveCfg = Release|Any CPU
		{DCBA438C-526E-4CA6-A6DA-F9658F307237}.AppStore|Any CPU.Build.0 = Release|Any CPU
		{DCBA438C-526E-4CA6-A6DA-F9658F307237}.AppStore|ARM.ActiveCfg = Release|Any CPU
		{DCBA438C-526E-4CA6-A6DA-F9658F307237}.AppStore|ARM.Build.0 = Release|Any CPU
		{DCBA438C-526E-4CA6-A6DA-F9658F307237}.AppStore|iPhone.ActiveCfg = Release|Any CPU
		{DCBA438C-526E-4CA6-A6DA-F9658F307237}.AppStore|iPhone.Build.0 = Release|Any CPU
		{DCBA438C-526E-4CA6-A6DA-F9658F307237}.AppStore|iPhoneSimulator.ActiveCfg = Release|Any CPU
		{DCBA438C-526E-4CA6-A6DA-F9658F307237}.AppStore|iPhoneSimulator.Build.0 = Release|Any CPU
		{DCBA438C-526E-4CA6-A6DA-F9658F307237}.AppStore|x64.ActiveCfg = Release|Any CPU
		{DCBA438C-526E-4CA6-A6DA-F9658F307237}.AppStore|x64.Build.0 = Release|Any CPU
		{DCBA438C-526E-4CA6-A6DA-F9658F307237}.AppStore|x86.ActiveCfg = Release|Any CPU
		{DCBA438C-526E-4CA6-A6DA-F9658F307237}.AppStore|x86.Build.0 = Release|Any CPU
		{DCBA438C-526E-4CA6-A6DA-F9658F307237}.Debug|Any CPU.ActiveCfg = Debug|Any CPU
		{DCBA438C-526E-4CA6-A6DA-F9658F307237}.Debug|Any CPU.Build.0 = Debug|Any CPU
		{DCBA438C-526E-4CA6-A6DA-F9658F307237}.Debug|ARM.ActiveCfg = Debug|Any CPU
		{DCBA438C-526E-4CA6-A6DA-F9658F307237}.Debug|ARM.Build.0 = Debug|Any CPU
		{DCBA438C-526E-4CA6-A6DA-F9658F307237}.Debug|iPhone.ActiveCfg = Debug|Any CPU
		{DCBA438C-526E-4CA6-A6DA-F9658F307237}.Debug|iPhone.Build.0 = Debug|Any CPU
		{DCBA438C-526E-4CA6-A6DA-F9658F307237}.Debug|iPhoneSimulator.ActiveCfg = Debug|Any CPU
		{DCBA438C-526E-4CA6-A6DA-F9658F307237}.Debug|iPhoneSimulator.Build.0 = Debug|Any CPU
		{DCBA438C-526E-4CA6-A6DA-F9658F307237}.Debug|x64.ActiveCfg = Debug|Any CPU
		{DCBA438C-526E-4CA6-A6DA-F9658F307237}.Debug|x64.Build.0 = Debug|Any CPU
		{DCBA438C-526E-4CA6-A6DA-F9658F307237}.Debug|x86.ActiveCfg = Debug|Any CPU
		{DCBA438C-526E-4CA6-A6DA-F9658F307237}.Debug|x86.Build.0 = Debug|Any CPU
		{DCBA438C-526E-4CA6-A6DA-F9658F307237}.Release|Any CPU.ActiveCfg = Release|Any CPU
		{DCBA438C-526E-4CA6-A6DA-F9658F307237}.Release|Any CPU.Build.0 = Release|Any CPU
		{DCBA438C-526E-4CA6-A6DA-F9658F307237}.Release|ARM.ActiveCfg = Release|Any CPU
		{DCBA438C-526E-4CA6-A6DA-F9658F307237}.Release|ARM.Build.0 = Release|Any CPU
		{DCBA438C-526E-4CA6-A6DA-F9658F307237}.Release|iPhone.ActiveCfg = Release|Any CPU
		{DCBA438C-526E-4CA6-A6DA-F9658F307237}.Release|iPhone.Build.0 = Release|Any CPU
		{DCBA438C-526E-4CA6-A6DA-F9658F307237}.Release|iPhoneSimulator.ActiveCfg = Release|Any CPU
		{DCBA438C-526E-4CA6-A6DA-F9658F307237}.Release|iPhoneSimulator.Build.0 = Release|Any CPU
		{DCBA438C-526E-4CA6-A6DA-F9658F307237}.Release|x64.ActiveCfg = Release|Any CPU
		{DCBA438C-526E-4CA6-A6DA-F9658F307237}.Release|x64.Build.0 = Release|Any CPU
		{DCBA438C-526E-4CA6-A6DA-F9658F307237}.Release|x86.ActiveCfg = Release|Any CPU
		{DCBA438C-526E-4CA6-A6DA-F9658F307237}.Release|x86.Build.0 = Release|Any CPU
		{7B802FF8-B103-4F35-9799-4E355113215E}.Ad-Hoc|Any CPU.ActiveCfg = Release|Any CPU
		{7B802FF8-B103-4F35-9799-4E355113215E}.Ad-Hoc|Any CPU.Build.0 = Release|Any CPU
		{7B802FF8-B103-4F35-9799-4E355113215E}.Ad-Hoc|Any CPU.Deploy.0 = Release|Any CPU
		{7B802FF8-B103-4F35-9799-4E355113215E}.Ad-Hoc|ARM.ActiveCfg = Release|Any CPU
		{7B802FF8-B103-4F35-9799-4E355113215E}.Ad-Hoc|ARM.Build.0 = Release|Any CPU
		{7B802FF8-B103-4F35-9799-4E355113215E}.Ad-Hoc|ARM.Deploy.0 = Release|Any CPU
		{7B802FF8-B103-4F35-9799-4E355113215E}.Ad-Hoc|iPhone.ActiveCfg = Release|Any CPU
		{7B802FF8-B103-4F35-9799-4E355113215E}.Ad-Hoc|iPhone.Build.0 = Release|Any CPU
		{7B802FF8-B103-4F35-9799-4E355113215E}.Ad-Hoc|iPhone.Deploy.0 = Release|Any CPU
		{7B802FF8-B103-4F35-9799-4E355113215E}.Ad-Hoc|iPhoneSimulator.ActiveCfg = Release|Any CPU
		{7B802FF8-B103-4F35-9799-4E355113215E}.Ad-Hoc|iPhoneSimulator.Build.0 = Release|Any CPU
		{7B802FF8-B103-4F35-9799-4E355113215E}.Ad-Hoc|iPhoneSimulator.Deploy.0 = Release|Any CPU
		{7B802FF8-B103-4F35-9799-4E355113215E}.Ad-Hoc|x64.ActiveCfg = Release|Any CPU
		{7B802FF8-B103-4F35-9799-4E355113215E}.Ad-Hoc|x64.Build.0 = Release|Any CPU
		{7B802FF8-B103-4F35-9799-4E355113215E}.Ad-Hoc|x64.Deploy.0 = Release|Any CPU
		{7B802FF8-B103-4F35-9799-4E355113215E}.Ad-Hoc|x86.ActiveCfg = Release|Any CPU
		{7B802FF8-B103-4F35-9799-4E355113215E}.Ad-Hoc|x86.Build.0 = Release|Any CPU
		{7B802FF8-B103-4F35-9799-4E355113215E}.Ad-Hoc|x86.Deploy.0 = Release|Any CPU
		{7B802FF8-B103-4F35-9799-4E355113215E}.AppStore|Any CPU.ActiveCfg = Release|Any CPU
		{7B802FF8-B103-4F35-9799-4E355113215E}.AppStore|Any CPU.Build.0 = Release|Any CPU
		{7B802FF8-B103-4F35-9799-4E355113215E}.AppStore|Any CPU.Deploy.0 = Release|Any CPU
		{7B802FF8-B103-4F35-9799-4E355113215E}.AppStore|ARM.ActiveCfg = Release|Any CPU
		{7B802FF8-B103-4F35-9799-4E355113215E}.AppStore|ARM.Build.0 = Release|Any CPU
		{7B802FF8-B103-4F35-9799-4E355113215E}.AppStore|ARM.Deploy.0 = Release|Any CPU
		{7B802FF8-B103-4F35-9799-4E355113215E}.AppStore|iPhone.ActiveCfg = Release|Any CPU
		{7B802FF8-B103-4F35-9799-4E355113215E}.AppStore|iPhone.Build.0 = Release|Any CPU
		{7B802FF8-B103-4F35-9799-4E355113215E}.AppStore|iPhone.Deploy.0 = Release|Any CPU
		{7B802FF8-B103-4F35-9799-4E355113215E}.AppStore|iPhoneSimulator.ActiveCfg = Release|Any CPU
		{7B802FF8-B103-4F35-9799-4E355113215E}.AppStore|iPhoneSimulator.Build.0 = Release|Any CPU
		{7B802FF8-B103-4F35-9799-4E355113215E}.AppStore|iPhoneSimulator.Deploy.0 = Release|Any CPU
		{7B802FF8-B103-4F35-9799-4E355113215E}.AppStore|x64.ActiveCfg = Release|Any CPU
		{7B802FF8-B103-4F35-9799-4E355113215E}.AppStore|x64.Build.0 = Release|Any CPU
		{7B802FF8-B103-4F35-9799-4E355113215E}.AppStore|x64.Deploy.0 = Release|Any CPU
		{7B802FF8-B103-4F35-9799-4E355113215E}.AppStore|x86.ActiveCfg = Release|Any CPU
		{7B802FF8-B103-4F35-9799-4E355113215E}.AppStore|x86.Build.0 = Release|Any CPU
		{7B802FF8-B103-4F35-9799-4E355113215E}.AppStore|x86.Deploy.0 = Release|Any CPU
		{7B802FF8-B103-4F35-9799-4E355113215E}.Debug|Any CPU.ActiveCfg = Debug|Any CPU
		{7B802FF8-B103-4F35-9799-4E355113215E}.Debug|Any CPU.Build.0 = Debug|Any CPU
		{7B802FF8-B103-4F35-9799-4E355113215E}.Debug|Any CPU.Deploy.0 = Debug|Any CPU
		{7B802FF8-B103-4F35-9799-4E355113215E}.Debug|ARM.ActiveCfg = Debug|Any CPU
		{7B802FF8-B103-4F35-9799-4E355113215E}.Debug|ARM.Build.0 = Debug|Any CPU
		{7B802FF8-B103-4F35-9799-4E355113215E}.Debug|ARM.Deploy.0 = Debug|Any CPU
		{7B802FF8-B103-4F35-9799-4E355113215E}.Debug|iPhone.ActiveCfg = Debug|Any CPU
		{7B802FF8-B103-4F35-9799-4E355113215E}.Debug|iPhone.Build.0 = Debug|Any CPU
		{7B802FF8-B103-4F35-9799-4E355113215E}.Debug|iPhone.Deploy.0 = Debug|Any CPU
		{7B802FF8-B103-4F35-9799-4E355113215E}.Debug|iPhoneSimulator.ActiveCfg = Debug|Any CPU
		{7B802FF8-B103-4F35-9799-4E355113215E}.Debug|iPhoneSimulator.Build.0 = Debug|Any CPU
		{7B802FF8-B103-4F35-9799-4E355113215E}.Debug|iPhoneSimulator.Deploy.0 = Debug|Any CPU
		{7B802FF8-B103-4F35-9799-4E355113215E}.Debug|x64.ActiveCfg = Debug|Any CPU
		{7B802FF8-B103-4F35-9799-4E355113215E}.Debug|x64.Build.0 = Debug|Any CPU
		{7B802FF8-B103-4F35-9799-4E355113215E}.Debug|x64.Deploy.0 = Debug|Any CPU
		{7B802FF8-B103-4F35-9799-4E355113215E}.Debug|x86.ActiveCfg = Debug|Any CPU
		{7B802FF8-B103-4F35-9799-4E355113215E}.Debug|x86.Build.0 = Debug|Any CPU
		{7B802FF8-B103-4F35-9799-4E355113215E}.Debug|x86.Deploy.0 = Debug|Any CPU
		{7B802FF8-B103-4F35-9799-4E355113215E}.Release|Any CPU.ActiveCfg = Release|Any CPU
		{7B802FF8-B103-4F35-9799-4E355113215E}.Release|Any CPU.Build.0 = Release|Any CPU
		{7B802FF8-B103-4F35-9799-4E355113215E}.Release|Any CPU.Deploy.0 = Release|Any CPU
		{7B802FF8-B103-4F35-9799-4E355113215E}.Release|ARM.ActiveCfg = Release|Any CPU
		{7B802FF8-B103-4F35-9799-4E355113215E}.Release|ARM.Build.0 = Release|Any CPU
		{7B802FF8-B103-4F35-9799-4E355113215E}.Release|ARM.Deploy.0 = Release|Any CPU
		{7B802FF8-B103-4F35-9799-4E355113215E}.Release|iPhone.ActiveCfg = Release|Any CPU
		{7B802FF8-B103-4F35-9799-4E355113215E}.Release|iPhone.Build.0 = Release|Any CPU
		{7B802FF8-B103-4F35-9799-4E355113215E}.Release|iPhone.Deploy.0 = Release|Any CPU
		{7B802FF8-B103-4F35-9799-4E355113215E}.Release|iPhoneSimulator.ActiveCfg = Release|Any CPU
		{7B802FF8-B103-4F35-9799-4E355113215E}.Release|iPhoneSimulator.Build.0 = Release|Any CPU
		{7B802FF8-B103-4F35-9799-4E355113215E}.Release|iPhoneSimulator.Deploy.0 = Release|Any CPU
		{7B802FF8-B103-4F35-9799-4E355113215E}.Release|x64.ActiveCfg = Release|Any CPU
		{7B802FF8-B103-4F35-9799-4E355113215E}.Release|x64.Build.0 = Release|Any CPU
		{7B802FF8-B103-4F35-9799-4E355113215E}.Release|x64.Deploy.0 = Release|Any CPU
		{7B802FF8-B103-4F35-9799-4E355113215E}.Release|x86.ActiveCfg = Release|Any CPU
		{7B802FF8-B103-4F35-9799-4E355113215E}.Release|x86.Build.0 = Release|Any CPU
		{7B802FF8-B103-4F35-9799-4E355113215E}.Release|x86.Deploy.0 = Release|Any CPU
		{434ED335-93F9-4892-BCDA-B1A0675BF5A4}.Ad-Hoc|Any CPU.ActiveCfg = Ad-Hoc|iPhone
		{434ED335-93F9-4892-BCDA-B1A0675BF5A4}.Ad-Hoc|ARM.ActiveCfg = Ad-Hoc|iPhone
		{434ED335-93F9-4892-BCDA-B1A0675BF5A4}.Ad-Hoc|iPhone.ActiveCfg = Ad-Hoc|iPhone
		{434ED335-93F9-4892-BCDA-B1A0675BF5A4}.Ad-Hoc|iPhone.Build.0 = Ad-Hoc|iPhone
		{434ED335-93F9-4892-BCDA-B1A0675BF5A4}.Ad-Hoc|iPhoneSimulator.ActiveCfg = Ad-Hoc|iPhoneSimulator
		{434ED335-93F9-4892-BCDA-B1A0675BF5A4}.Ad-Hoc|iPhoneSimulator.Build.0 = Ad-Hoc|iPhoneSimulator
		{434ED335-93F9-4892-BCDA-B1A0675BF5A4}.Ad-Hoc|x64.ActiveCfg = Ad-Hoc|iPhone
		{434ED335-93F9-4892-BCDA-B1A0675BF5A4}.Ad-Hoc|x86.ActiveCfg = Ad-Hoc|iPhone
		{434ED335-93F9-4892-BCDA-B1A0675BF5A4}.AppStore|Any CPU.ActiveCfg = AppStore|iPhone
		{434ED335-93F9-4892-BCDA-B1A0675BF5A4}.AppStore|ARM.ActiveCfg = AppStore|iPhone
		{434ED335-93F9-4892-BCDA-B1A0675BF5A4}.AppStore|iPhone.ActiveCfg = AppStore|iPhone
		{434ED335-93F9-4892-BCDA-B1A0675BF5A4}.AppStore|iPhone.Build.0 = AppStore|iPhone
		{434ED335-93F9-4892-BCDA-B1A0675BF5A4}.AppStore|iPhoneSimulator.ActiveCfg = AppStore|iPhoneSimulator
		{434ED335-93F9-4892-BCDA-B1A0675BF5A4}.AppStore|iPhoneSimulator.Build.0 = AppStore|iPhoneSimulator
		{434ED335-93F9-4892-BCDA-B1A0675BF5A4}.AppStore|x64.ActiveCfg = AppStore|iPhone
		{434ED335-93F9-4892-BCDA-B1A0675BF5A4}.AppStore|x86.ActiveCfg = AppStore|iPhone
		{434ED335-93F9-4892-BCDA-B1A0675BF5A4}.Debug|Any CPU.ActiveCfg = Debug|iPhone
		{434ED335-93F9-4892-BCDA-B1A0675BF5A4}.Debug|ARM.ActiveCfg = Debug|iPhone
		{434ED335-93F9-4892-BCDA-B1A0675BF5A4}.Debug|iPhone.ActiveCfg = Debug|iPhone
		{434ED335-93F9-4892-BCDA-B1A0675BF5A4}.Debug|iPhone.Build.0 = Debug|iPhone
		{434ED335-93F9-4892-BCDA-B1A0675BF5A4}.Debug|iPhoneSimulator.ActiveCfg = Debug|iPhoneSimulator
		{434ED335-93F9-4892-BCDA-B1A0675BF5A4}.Debug|iPhoneSimulator.Build.0 = Debug|iPhoneSimulator
		{434ED335-93F9-4892-BCDA-B1A0675BF5A4}.Debug|x64.ActiveCfg = Debug|iPhone
		{434ED335-93F9-4892-BCDA-B1A0675BF5A4}.Debug|x86.ActiveCfg = Debug|iPhone
		{434ED335-93F9-4892-BCDA-B1A0675BF5A4}.Release|Any CPU.ActiveCfg = Release|iPhone
		{434ED335-93F9-4892-BCDA-B1A0675BF5A4}.Release|ARM.ActiveCfg = Release|iPhone
		{434ED335-93F9-4892-BCDA-B1A0675BF5A4}.Release|iPhone.ActiveCfg = Release|iPhone
		{434ED335-93F9-4892-BCDA-B1A0675BF5A4}.Release|iPhone.Build.0 = Release|iPhone
		{434ED335-93F9-4892-BCDA-B1A0675BF5A4}.Release|iPhoneSimulator.ActiveCfg = Release|iPhoneSimulator
		{434ED335-93F9-4892-BCDA-B1A0675BF5A4}.Release|iPhoneSimulator.Build.0 = Release|iPhoneSimulator
		{434ED335-93F9-4892-BCDA-B1A0675BF5A4}.Release|x64.ActiveCfg = Release|iPhone
		{434ED335-93F9-4892-BCDA-B1A0675BF5A4}.Release|x86.ActiveCfg = Release|iPhone
		{E92712AB-0819-4A56-8F60-97EE8B495658}.Ad-Hoc|Any CPU.ActiveCfg = Release|Any CPU
		{E92712AB-0819-4A56-8F60-97EE8B495658}.Ad-Hoc|Any CPU.Build.0 = Release|Any CPU
		{E92712AB-0819-4A56-8F60-97EE8B495658}.Ad-Hoc|Any CPU.Deploy.0 = Release|Any CPU
		{E92712AB-0819-4A56-8F60-97EE8B495658}.Ad-Hoc|ARM.ActiveCfg = Release|ARM
		{E92712AB-0819-4A56-8F60-97EE8B495658}.Ad-Hoc|ARM.Build.0 = Release|ARM
		{E92712AB-0819-4A56-8F60-97EE8B495658}.Ad-Hoc|ARM.Deploy.0 = Release|ARM
		{E92712AB-0819-4A56-8F60-97EE8B495658}.Ad-Hoc|iPhone.ActiveCfg = Release|Any CPU
		{E92712AB-0819-4A56-8F60-97EE8B495658}.Ad-Hoc|iPhone.Build.0 = Release|Any CPU
		{E92712AB-0819-4A56-8F60-97EE8B495658}.Ad-Hoc|iPhone.Deploy.0 = Release|Any CPU
		{E92712AB-0819-4A56-8F60-97EE8B495658}.Ad-Hoc|iPhoneSimulator.ActiveCfg = Release|Any CPU
		{E92712AB-0819-4A56-8F60-97EE8B495658}.Ad-Hoc|iPhoneSimulator.Build.0 = Release|Any CPU
		{E92712AB-0819-4A56-8F60-97EE8B495658}.Ad-Hoc|iPhoneSimulator.Deploy.0 = Release|Any CPU
		{E92712AB-0819-4A56-8F60-97EE8B495658}.Ad-Hoc|x64.ActiveCfg = Release|Any CPU
		{E92712AB-0819-4A56-8F60-97EE8B495658}.Ad-Hoc|x64.Build.0 = Release|Any CPU
		{E92712AB-0819-4A56-8F60-97EE8B495658}.Ad-Hoc|x64.Deploy.0 = Release|Any CPU
		{E92712AB-0819-4A56-8F60-97EE8B495658}.Ad-Hoc|x86.ActiveCfg = Release|x86
		{E92712AB-0819-4A56-8F60-97EE8B495658}.Ad-Hoc|x86.Build.0 = Release|x86
		{E92712AB-0819-4A56-8F60-97EE8B495658}.Ad-Hoc|x86.Deploy.0 = Release|x86
		{E92712AB-0819-4A56-8F60-97EE8B495658}.AppStore|Any CPU.ActiveCfg = Release|Any CPU
		{E92712AB-0819-4A56-8F60-97EE8B495658}.AppStore|Any CPU.Build.0 = Release|Any CPU
		{E92712AB-0819-4A56-8F60-97EE8B495658}.AppStore|Any CPU.Deploy.0 = Release|Any CPU
		{E92712AB-0819-4A56-8F60-97EE8B495658}.AppStore|ARM.ActiveCfg = Release|ARM
		{E92712AB-0819-4A56-8F60-97EE8B495658}.AppStore|ARM.Build.0 = Release|ARM
		{E92712AB-0819-4A56-8F60-97EE8B495658}.AppStore|ARM.Deploy.0 = Release|ARM
		{E92712AB-0819-4A56-8F60-97EE8B495658}.AppStore|iPhone.ActiveCfg = Release|Any CPU
		{E92712AB-0819-4A56-8F60-97EE8B495658}.AppStore|iPhone.Build.0 = Release|Any CPU
		{E92712AB-0819-4A56-8F60-97EE8B495658}.AppStore|iPhone.Deploy.0 = Release|Any CPU
		{E92712AB-0819-4A56-8F60-97EE8B495658}.AppStore|iPhoneSimulator.ActiveCfg = Release|Any CPU
		{E92712AB-0819-4A56-8F60-97EE8B495658}.AppStore|iPhoneSimulator.Build.0 = Release|Any CPU
		{E92712AB-0819-4A56-8F60-97EE8B495658}.AppStore|iPhoneSimulator.Deploy.0 = Release|Any CPU
		{E92712AB-0819-4A56-8F60-97EE8B495658}.AppStore|x64.ActiveCfg = Release|Any CPU
		{E92712AB-0819-4A56-8F60-97EE8B495658}.AppStore|x64.Build.0 = Release|Any CPU
		{E92712AB-0819-4A56-8F60-97EE8B495658}.AppStore|x64.Deploy.0 = Release|Any CPU
		{E92712AB-0819-4A56-8F60-97EE8B495658}.AppStore|x86.ActiveCfg = Release|x86
		{E92712AB-0819-4A56-8F60-97EE8B495658}.AppStore|x86.Build.0 = Release|x86
		{E92712AB-0819-4A56-8F60-97EE8B495658}.AppStore|x86.Deploy.0 = Release|x86
		{E92712AB-0819-4A56-8F60-97EE8B495658}.Debug|Any CPU.ActiveCfg = Debug|Any CPU
		{E92712AB-0819-4A56-8F60-97EE8B495658}.Debug|ARM.ActiveCfg = Debug|ARM
		{E92712AB-0819-4A56-8F60-97EE8B495658}.Debug|ARM.Build.0 = Debug|ARM
		{E92712AB-0819-4A56-8F60-97EE8B495658}.Debug|ARM.Deploy.0 = Debug|ARM
		{E92712AB-0819-4A56-8F60-97EE8B495658}.Debug|iPhone.ActiveCfg = Debug|Any CPU
		{E92712AB-0819-4A56-8F60-97EE8B495658}.Debug|iPhone.Build.0 = Debug|Any CPU
		{E92712AB-0819-4A56-8F60-97EE8B495658}.Debug|iPhone.Deploy.0 = Debug|Any CPU
		{E92712AB-0819-4A56-8F60-97EE8B495658}.Debug|iPhoneSimulator.ActiveCfg = Debug|Any CPU
		{E92712AB-0819-4A56-8F60-97EE8B495658}.Debug|iPhoneSimulator.Build.0 = Debug|Any CPU
		{E92712AB-0819-4A56-8F60-97EE8B495658}.Debug|iPhoneSimulator.Deploy.0 = Debug|Any CPU
		{E92712AB-0819-4A56-8F60-97EE8B495658}.Debug|x64.ActiveCfg = Debug|Any CPU
		{E92712AB-0819-4A56-8F60-97EE8B495658}.Debug|x64.Build.0 = Debug|Any CPU
		{E92712AB-0819-4A56-8F60-97EE8B495658}.Debug|x64.Deploy.0 = Debug|Any CPU
		{E92712AB-0819-4A56-8F60-97EE8B495658}.Debug|x86.ActiveCfg = Debug|x86
		{E92712AB-0819-4A56-8F60-97EE8B495658}.Debug|x86.Build.0 = Debug|x86
		{E92712AB-0819-4A56-8F60-97EE8B495658}.Debug|x86.Deploy.0 = Debug|x86
		{E92712AB-0819-4A56-8F60-97EE8B495658}.Release|Any CPU.ActiveCfg = Release|Any CPU
		{E92712AB-0819-4A56-8F60-97EE8B495658}.Release|Any CPU.Build.0 = Release|Any CPU
		{E92712AB-0819-4A56-8F60-97EE8B495658}.Release|Any CPU.Deploy.0 = Release|Any CPU
		{E92712AB-0819-4A56-8F60-97EE8B495658}.Release|ARM.ActiveCfg = Release|ARM
		{E92712AB-0819-4A56-8F60-97EE8B495658}.Release|ARM.Build.0 = Release|ARM
		{E92712AB-0819-4A56-8F60-97EE8B495658}.Release|ARM.Deploy.0 = Release|ARM
		{E92712AB-0819-4A56-8F60-97EE8B495658}.Release|iPhone.ActiveCfg = Release|Any CPU
		{E92712AB-0819-4A56-8F60-97EE8B495658}.Release|iPhone.Build.0 = Release|Any CPU
		{E92712AB-0819-4A56-8F60-97EE8B495658}.Release|iPhone.Deploy.0 = Release|Any CPU
		{E92712AB-0819-4A56-8F60-97EE8B495658}.Release|iPhoneSimulator.ActiveCfg = Release|Any CPU
		{E92712AB-0819-4A56-8F60-97EE8B495658}.Release|iPhoneSimulator.Build.0 = Release|Any CPU
		{E92712AB-0819-4A56-8F60-97EE8B495658}.Release|iPhoneSimulator.Deploy.0 = Release|Any CPU
		{E92712AB-0819-4A56-8F60-97EE8B495658}.Release|x64.ActiveCfg = Release|Any CPU
		{E92712AB-0819-4A56-8F60-97EE8B495658}.Release|x64.Build.0 = Release|Any CPU
		{E92712AB-0819-4A56-8F60-97EE8B495658}.Release|x64.Deploy.0 = Release|Any CPU
		{E92712AB-0819-4A56-8F60-97EE8B495658}.Release|x86.ActiveCfg = Release|x86
		{E92712AB-0819-4A56-8F60-97EE8B495658}.Release|x86.Build.0 = Release|x86
		{E92712AB-0819-4A56-8F60-97EE8B495658}.Release|x86.Deploy.0 = Release|x86
		{F34D414D-8601-40BD-A5AF-53BBA9ED4CAA}.Ad-Hoc|Any CPU.ActiveCfg = Release|x86
		{F34D414D-8601-40BD-A5AF-53BBA9ED4CAA}.Ad-Hoc|Any CPU.Build.0 = Release|x86
		{F34D414D-8601-40BD-A5AF-53BBA9ED4CAA}.Ad-Hoc|Any CPU.Deploy.0 = Release|x86
		{F34D414D-8601-40BD-A5AF-53BBA9ED4CAA}.Ad-Hoc|ARM.ActiveCfg = Release|ARM
		{F34D414D-8601-40BD-A5AF-53BBA9ED4CAA}.Ad-Hoc|ARM.Build.0 = Release|ARM
		{F34D414D-8601-40BD-A5AF-53BBA9ED4CAA}.Ad-Hoc|ARM.Deploy.0 = Release|ARM
		{F34D414D-8601-40BD-A5AF-53BBA9ED4CAA}.Ad-Hoc|iPhone.ActiveCfg = Release|x86
		{F34D414D-8601-40BD-A5AF-53BBA9ED4CAA}.Ad-Hoc|iPhone.Build.0 = Release|x86
		{F34D414D-8601-40BD-A5AF-53BBA9ED4CAA}.Ad-Hoc|iPhone.Deploy.0 = Release|x86
		{F34D414D-8601-40BD-A5AF-53BBA9ED4CAA}.Ad-Hoc|iPhoneSimulator.ActiveCfg = Release|x86
		{F34D414D-8601-40BD-A5AF-53BBA9ED4CAA}.Ad-Hoc|iPhoneSimulator.Build.0 = Release|x86
		{F34D414D-8601-40BD-A5AF-53BBA9ED4CAA}.Ad-Hoc|iPhoneSimulator.Deploy.0 = Release|x86
		{F34D414D-8601-40BD-A5AF-53BBA9ED4CAA}.Ad-Hoc|x64.ActiveCfg = Release|x64
		{F34D414D-8601-40BD-A5AF-53BBA9ED4CAA}.Ad-Hoc|x64.Build.0 = Release|x64
		{F34D414D-8601-40BD-A5AF-53BBA9ED4CAA}.Ad-Hoc|x64.Deploy.0 = Release|x64
		{F34D414D-8601-40BD-A5AF-53BBA9ED4CAA}.Ad-Hoc|x86.ActiveCfg = Release|x86
		{F34D414D-8601-40BD-A5AF-53BBA9ED4CAA}.Ad-Hoc|x86.Build.0 = Release|x86
		{F34D414D-8601-40BD-A5AF-53BBA9ED4CAA}.Ad-Hoc|x86.Deploy.0 = Release|x86
		{F34D414D-8601-40BD-A5AF-53BBA9ED4CAA}.AppStore|Any CPU.ActiveCfg = Release|x86
		{F34D414D-8601-40BD-A5AF-53BBA9ED4CAA}.AppStore|Any CPU.Build.0 = Release|x86
		{F34D414D-8601-40BD-A5AF-53BBA9ED4CAA}.AppStore|Any CPU.Deploy.0 = Release|x86
		{F34D414D-8601-40BD-A5AF-53BBA9ED4CAA}.AppStore|ARM.ActiveCfg = Release|ARM
		{F34D414D-8601-40BD-A5AF-53BBA9ED4CAA}.AppStore|ARM.Build.0 = Release|ARM
		{F34D414D-8601-40BD-A5AF-53BBA9ED4CAA}.AppStore|ARM.Deploy.0 = Release|ARM
		{F34D414D-8601-40BD-A5AF-53BBA9ED4CAA}.AppStore|iPhone.ActiveCfg = Release|x86
		{F34D414D-8601-40BD-A5AF-53BBA9ED4CAA}.AppStore|iPhone.Build.0 = Release|x86
		{F34D414D-8601-40BD-A5AF-53BBA9ED4CAA}.AppStore|iPhone.Deploy.0 = Release|x86
		{F34D414D-8601-40BD-A5AF-53BBA9ED4CAA}.AppStore|iPhoneSimulator.ActiveCfg = Release|x86
		{F34D414D-8601-40BD-A5AF-53BBA9ED4CAA}.AppStore|iPhoneSimulator.Build.0 = Release|x86
		{F34D414D-8601-40BD-A5AF-53BBA9ED4CAA}.AppStore|iPhoneSimulator.Deploy.0 = Release|x86
		{F34D414D-8601-40BD-A5AF-53BBA9ED4CAA}.AppStore|x64.ActiveCfg = Release|x64
		{F34D414D-8601-40BD-A5AF-53BBA9ED4CAA}.AppStore|x64.Build.0 = Release|x64
		{F34D414D-8601-40BD-A5AF-53BBA9ED4CAA}.AppStore|x64.Deploy.0 = Release|x64
		{F34D414D-8601-40BD-A5AF-53BBA9ED4CAA}.AppStore|x86.ActiveCfg = Release|x86
		{F34D414D-8601-40BD-A5AF-53BBA9ED4CAA}.AppStore|x86.Build.0 = Release|x86
		{F34D414D-8601-40BD-A5AF-53BBA9ED4CAA}.AppStore|x86.Deploy.0 = Release|x86
		{F34D414D-8601-40BD-A5AF-53BBA9ED4CAA}.Debug|Any CPU.ActiveCfg = Debug|x86
		{F34D414D-8601-40BD-A5AF-53BBA9ED4CAA}.Debug|ARM.ActiveCfg = Debug|ARM
		{F34D414D-8601-40BD-A5AF-53BBA9ED4CAA}.Debug|ARM.Build.0 = Debug|ARM
		{F34D414D-8601-40BD-A5AF-53BBA9ED4CAA}.Debug|ARM.Deploy.0 = Debug|ARM
		{F34D414D-8601-40BD-A5AF-53BBA9ED4CAA}.Debug|iPhone.ActiveCfg = Debug|x86
		{F34D414D-8601-40BD-A5AF-53BBA9ED4CAA}.Debug|iPhoneSimulator.ActiveCfg = Debug|x86
		{F34D414D-8601-40BD-A5AF-53BBA9ED4CAA}.Debug|x64.ActiveCfg = Debug|x64
		{F34D414D-8601-40BD-A5AF-53BBA9ED4CAA}.Debug|x64.Build.0 = Debug|x64
		{F34D414D-8601-40BD-A5AF-53BBA9ED4CAA}.Debug|x64.Deploy.0 = Debug|x64
		{F34D414D-8601-40BD-A5AF-53BBA9ED4CAA}.Debug|x86.ActiveCfg = Debug|x86
		{F34D414D-8601-40BD-A5AF-53BBA9ED4CAA}.Debug|x86.Build.0 = Debug|x86
		{F34D414D-8601-40BD-A5AF-53BBA9ED4CAA}.Debug|x86.Deploy.0 = Debug|x86
		{F34D414D-8601-40BD-A5AF-53BBA9ED4CAA}.Release|Any CPU.ActiveCfg = Release|x86
		{F34D414D-8601-40BD-A5AF-53BBA9ED4CAA}.Release|ARM.ActiveCfg = Release|ARM
		{F34D414D-8601-40BD-A5AF-53BBA9ED4CAA}.Release|ARM.Build.0 = Release|ARM
		{F34D414D-8601-40BD-A5AF-53BBA9ED4CAA}.Release|ARM.Deploy.0 = Release|ARM
		{F34D414D-8601-40BD-A5AF-53BBA9ED4CAA}.Release|iPhone.ActiveCfg = Release|x86
		{F34D414D-8601-40BD-A5AF-53BBA9ED4CAA}.Release|iPhoneSimulator.ActiveCfg = Release|x86
		{F34D414D-8601-40BD-A5AF-53BBA9ED4CAA}.Release|x64.ActiveCfg = Release|x64
		{F34D414D-8601-40BD-A5AF-53BBA9ED4CAA}.Release|x64.Build.0 = Release|x64
		{F34D414D-8601-40BD-A5AF-53BBA9ED4CAA}.Release|x64.Deploy.0 = Release|x64
		{F34D414D-8601-40BD-A5AF-53BBA9ED4CAA}.Release|x86.ActiveCfg = Release|x86
		{F34D414D-8601-40BD-A5AF-53BBA9ED4CAA}.Release|x86.Build.0 = Release|x86
		{F34D414D-8601-40BD-A5AF-53BBA9ED4CAA}.Release|x86.Deploy.0 = Release|x86
		{A51538B4-543B-4171-9994-7B4E5D1A2E7D}.Ad-Hoc|Any CPU.ActiveCfg = Release|Any CPU
		{A51538B4-543B-4171-9994-7B4E5D1A2E7D}.Ad-Hoc|Any CPU.Build.0 = Release|Any CPU
		{A51538B4-543B-4171-9994-7B4E5D1A2E7D}.Ad-Hoc|Any CPU.Deploy.0 = Release|Any CPU
		{A51538B4-543B-4171-9994-7B4E5D1A2E7D}.Ad-Hoc|ARM.ActiveCfg = Release|ARM
		{A51538B4-543B-4171-9994-7B4E5D1A2E7D}.Ad-Hoc|ARM.Build.0 = Release|ARM
		{A51538B4-543B-4171-9994-7B4E5D1A2E7D}.Ad-Hoc|ARM.Deploy.0 = Release|ARM
		{A51538B4-543B-4171-9994-7B4E5D1A2E7D}.Ad-Hoc|iPhone.ActiveCfg = Release|Any CPU
		{A51538B4-543B-4171-9994-7B4E5D1A2E7D}.Ad-Hoc|iPhone.Build.0 = Release|Any CPU
		{A51538B4-543B-4171-9994-7B4E5D1A2E7D}.Ad-Hoc|iPhone.Deploy.0 = Release|Any CPU
		{A51538B4-543B-4171-9994-7B4E5D1A2E7D}.Ad-Hoc|iPhoneSimulator.ActiveCfg = Release|Any CPU
		{A51538B4-543B-4171-9994-7B4E5D1A2E7D}.Ad-Hoc|iPhoneSimulator.Build.0 = Release|Any CPU
		{A51538B4-543B-4171-9994-7B4E5D1A2E7D}.Ad-Hoc|iPhoneSimulator.Deploy.0 = Release|Any CPU
		{A51538B4-543B-4171-9994-7B4E5D1A2E7D}.Ad-Hoc|x64.ActiveCfg = Release|x64
		{A51538B4-543B-4171-9994-7B4E5D1A2E7D}.Ad-Hoc|x64.Build.0 = Release|x64
		{A51538B4-543B-4171-9994-7B4E5D1A2E7D}.Ad-Hoc|x64.Deploy.0 = Release|x64
		{A51538B4-543B-4171-9994-7B4E5D1A2E7D}.Ad-Hoc|x86.ActiveCfg = Release|x86
		{A51538B4-543B-4171-9994-7B4E5D1A2E7D}.Ad-Hoc|x86.Build.0 = Release|x86
		{A51538B4-543B-4171-9994-7B4E5D1A2E7D}.Ad-Hoc|x86.Deploy.0 = Release|x86
		{A51538B4-543B-4171-9994-7B4E5D1A2E7D}.AppStore|Any CPU.ActiveCfg = Release|Any CPU
		{A51538B4-543B-4171-9994-7B4E5D1A2E7D}.AppStore|Any CPU.Build.0 = Release|Any CPU
		{A51538B4-543B-4171-9994-7B4E5D1A2E7D}.AppStore|Any CPU.Deploy.0 = Release|Any CPU
		{A51538B4-543B-4171-9994-7B4E5D1A2E7D}.AppStore|ARM.ActiveCfg = Release|ARM
		{A51538B4-543B-4171-9994-7B4E5D1A2E7D}.AppStore|ARM.Build.0 = Release|ARM
		{A51538B4-543B-4171-9994-7B4E5D1A2E7D}.AppStore|ARM.Deploy.0 = Release|ARM
		{A51538B4-543B-4171-9994-7B4E5D1A2E7D}.AppStore|iPhone.ActiveCfg = Release|Any CPU
		{A51538B4-543B-4171-9994-7B4E5D1A2E7D}.AppStore|iPhone.Build.0 = Release|Any CPU
		{A51538B4-543B-4171-9994-7B4E5D1A2E7D}.AppStore|iPhone.Deploy.0 = Release|Any CPU
		{A51538B4-543B-4171-9994-7B4E5D1A2E7D}.AppStore|iPhoneSimulator.ActiveCfg = Release|Any CPU
		{A51538B4-543B-4171-9994-7B4E5D1A2E7D}.AppStore|iPhoneSimulator.Build.0 = Release|Any CPU
		{A51538B4-543B-4171-9994-7B4E5D1A2E7D}.AppStore|iPhoneSimulator.Deploy.0 = Release|Any CPU
		{A51538B4-543B-4171-9994-7B4E5D1A2E7D}.AppStore|x64.ActiveCfg = Release|x64
		{A51538B4-543B-4171-9994-7B4E5D1A2E7D}.AppStore|x64.Build.0 = Release|x64
		{A51538B4-543B-4171-9994-7B4E5D1A2E7D}.AppStore|x64.Deploy.0 = Release|x64
		{A51538B4-543B-4171-9994-7B4E5D1A2E7D}.AppStore|x86.ActiveCfg = Release|x86
		{A51538B4-543B-4171-9994-7B4E5D1A2E7D}.AppStore|x86.Build.0 = Release|x86
		{A51538B4-543B-4171-9994-7B4E5D1A2E7D}.AppStore|x86.Deploy.0 = Release|x86
		{A51538B4-543B-4171-9994-7B4E5D1A2E7D}.Debug|Any CPU.ActiveCfg = Debug|Any CPU
		{A51538B4-543B-4171-9994-7B4E5D1A2E7D}.Debug|ARM.ActiveCfg = Debug|ARM
		{A51538B4-543B-4171-9994-7B4E5D1A2E7D}.Debug|ARM.Build.0 = Debug|ARM
		{A51538B4-543B-4171-9994-7B4E5D1A2E7D}.Debug|ARM.Deploy.0 = Debug|ARM
		{A51538B4-543B-4171-9994-7B4E5D1A2E7D}.Debug|iPhone.ActiveCfg = Debug|Any CPU
		{A51538B4-543B-4171-9994-7B4E5D1A2E7D}.Debug|iPhone.Build.0 = Debug|Any CPU
		{A51538B4-543B-4171-9994-7B4E5D1A2E7D}.Debug|iPhone.Deploy.0 = Debug|Any CPU
		{A51538B4-543B-4171-9994-7B4E5D1A2E7D}.Debug|iPhoneSimulator.ActiveCfg = Debug|Any CPU
		{A51538B4-543B-4171-9994-7B4E5D1A2E7D}.Debug|iPhoneSimulator.Build.0 = Debug|Any CPU
		{A51538B4-543B-4171-9994-7B4E5D1A2E7D}.Debug|iPhoneSimulator.Deploy.0 = Debug|Any CPU
		{A51538B4-543B-4171-9994-7B4E5D1A2E7D}.Debug|x64.ActiveCfg = Debug|x64
		{A51538B4-543B-4171-9994-7B4E5D1A2E7D}.Debug|x64.Build.0 = Debug|x64
		{A51538B4-543B-4171-9994-7B4E5D1A2E7D}.Debug|x64.Deploy.0 = Debug|x64
		{A51538B4-543B-4171-9994-7B4E5D1A2E7D}.Debug|x86.ActiveCfg = Debug|x86
		{A51538B4-543B-4171-9994-7B4E5D1A2E7D}.Debug|x86.Build.0 = Debug|x86
		{A51538B4-543B-4171-9994-7B4E5D1A2E7D}.Debug|x86.Deploy.0 = Debug|x86
		{A51538B4-543B-4171-9994-7B4E5D1A2E7D}.Release|Any CPU.ActiveCfg = Release|Any CPU
		{A51538B4-543B-4171-9994-7B4E5D1A2E7D}.Release|Any CPU.Build.0 = Release|Any CPU
		{A51538B4-543B-4171-9994-7B4E5D1A2E7D}.Release|Any CPU.Deploy.0 = Release|Any CPU
		{A51538B4-543B-4171-9994-7B4E5D1A2E7D}.Release|ARM.ActiveCfg = Release|ARM
		{A51538B4-543B-4171-9994-7B4E5D1A2E7D}.Release|ARM.Build.0 = Release|ARM
		{A51538B4-543B-4171-9994-7B4E5D1A2E7D}.Release|ARM.Deploy.0 = Release|ARM
		{A51538B4-543B-4171-9994-7B4E5D1A2E7D}.Release|iPhone.ActiveCfg = Release|Any CPU
		{A51538B4-543B-4171-9994-7B4E5D1A2E7D}.Release|iPhone.Build.0 = Release|Any CPU
		{A51538B4-543B-4171-9994-7B4E5D1A2E7D}.Release|iPhone.Deploy.0 = Release|Any CPU
		{A51538B4-543B-4171-9994-7B4E5D1A2E7D}.Release|iPhoneSimulator.ActiveCfg = Release|Any CPU
		{A51538B4-543B-4171-9994-7B4E5D1A2E7D}.Release|iPhoneSimulator.Build.0 = Release|Any CPU
		{A51538B4-543B-4171-9994-7B4E5D1A2E7D}.Release|iPhoneSimulator.Deploy.0 = Release|Any CPU
		{A51538B4-543B-4171-9994-7B4E5D1A2E7D}.Release|x64.ActiveCfg = Release|x64
		{A51538B4-543B-4171-9994-7B4E5D1A2E7D}.Release|x64.Build.0 = Release|x64
		{A51538B4-543B-4171-9994-7B4E5D1A2E7D}.Release|x64.Deploy.0 = Release|x64
		{A51538B4-543B-4171-9994-7B4E5D1A2E7D}.Release|x86.ActiveCfg = Release|x86
		{A51538B4-543B-4171-9994-7B4E5D1A2E7D}.Release|x86.Build.0 = Release|x86
		{A51538B4-543B-4171-9994-7B4E5D1A2E7D}.Release|x86.Deploy.0 = Release|x86
	EndGlobalSection
	GlobalSection(SolutionProperties) = preSolution
		HideSolutionNode = FALSE
	EndGlobalSection
	GlobalSection(TeamFoundationVersionControl) = preSolution
		SccNumberOfProjects = 7
		SccEnterpriseProvider = {4CA58AB2-18FA-4F8D-95D4-32DDF27D184C}
		SccTeamFoundationServer = https://rcforerog.visualstudio.com/
		SccLocalPath0 = .
		SccProjectUniqueName1 = MIndFull\\MIndFull.Droid\\MIndFull.Droid.csproj
		SccProjectName1 = MIndFull/MIndFull.Droid
		SccLocalPath1 = MIndFull\\MIndFull.Droid
		SccProjectUniqueName2 = MIndFull\\MIndFull.iOS\\MIndFull.iOS.csproj
		SccProjectName2 = MIndFull/MIndFull.iOS
		SccLocalPath2 = MIndFull\\MIndFull.iOS
		SccProjectUniqueName3 = MIndFull\\MIndFull.UWP\\MIndFull.UWP.csproj
		SccProjectName3 = MIndFull/MIndFull.UWP
		SccLocalPath3 = MIndFull\\MIndFull.UWP
		SccProjectUniqueName4 = MIndFull\\MIndFull.Windows\\MIndFull.Windows.csproj
		SccProjectName4 = MIndFull/MIndFull.Windows
		SccLocalPath4 = MIndFull\\MIndFull.Windows
		SccProjectUniqueName5 = MIndFull\\MIndFull.WinPhone\\MIndFull.WinPhone.csproj
		SccProjectName5 = MIndFull/MIndFull.WinPhone
		SccLocalPath5 = MIndFull\\MIndFull.WinPhone
		SccProjectUniqueName6 = MIndFull\\MIndFull\\MIndFull.csproj
		SccProjectName6 = MIndFull/MIndFull
		SccLocalPath6 = MIndFull\\MIndFull
	EndGlobalSection
EndGlobal
